
Microsoft Visual Studio Solution File, Format Version 12.00
# Visual Studio Version 17
VisualStudioVersion = 17.4.33122.133
MinimumVisualStudioVersion = 10.0.40219.1
Project("{FAE04EC0-301F-11D3-BF4B-00C04F79EFBC}") = "Task-1008", "Task-1008.csproj", "{4D795765-E689-4B4B-BF22-09F1FDEF2C36}"
EndProject
Global
	GlobalSection(SolutionConfigurationPlatforms) = preSolution
		Debug|Any CPU = Debug|Any CPU
		Release|Any CPU = Release|Any CPU
	EndGlobalSection
	GlobalSection(ProjectConfigurationPlatforms) = postSolution
		{4D795765-E689-4B4B-BF22-09F1FDEF2C36}.Debug|Any CPU.ActiveCfg = Debug|Any CPU
		{4D795765-E689-4B4B-BF22-09F1FDEF2C36}.Debug|Any CPU.Build.0 = Debug|Any CPU
		{4D795765-E689-4B4B-BF22-09F1FDEF2C36}.Release|Any CPU.ActiveCfg = Release|Any CPU
		{4D795765-E689-4B4B-BF22-09F1FDEF2C36}.Release|Any CPU.Build.0 = Release|Any CPU
	EndGlobalSection
	GlobalSection(SolutionProperties) = preSolution
		HideSolutionNode = FALSE
	EndGlobalSection
	GlobalSection(ExtensibilityGlobals) = postSolution
		SolutionGuid = {0152D3F1-7CEA-41AC-A162-5478BCE5699E}
	EndGlobalSection
EndGlobal
